# Exact Linux amd64 CPython 3.12 wheel URLs; SHA-256 required.
affine @ https://files.pythonhosted.org/packages/3d/87/e62f55c956b583380e7d2a71705dfd431ee32dd1689d50491ba0c610fc11/affine-3.0.1-py3-none-any.whl --hash=sha256:cda3b303325e7bf2bf34817e68753a0d1c4cacbdd451fe67c4878dc2ecbaa540
attrs @ https://files.pythonhosted.org/packages/64/b4/17d4b0b2a2dc85a6df63d1157e028ed19f90d4cd97c36717afef2bc2f395/attrs-26.1.0-py3-none-any.whl --hash=sha256:c647aa4a12dfbad9333ca4e71fe62ddc36f4e63b2d260a37a8b83d2f043ac309
certifi @ https://files.pythonhosted.org/packages/0b/a7/71ac2cff56fec219ed242bb11b8efb69fcc4bec75db06fb7bfe35de520e6/certifi-2026.7.22-py3-none-any.whl --hash=sha256:62f22742b58a1a33014a2b6b706588a8d7e2a88ae7bd1a6ebe8c992928483775
charset-normalizer @ https://files.pythonhosted.org/packages/6f/89/bb5108dc6c3651dca963f2b0a3ba19bbcb370c94e1b6d3e0e844a58e6dca/charset_normalizer-3.5.1-cp312-cp312-manylinux2014_x86_64.manylinux_2_17_x86_64.manylinux_2_28_x86_64.whl --hash=sha256:b9af956078716df40d985fb0dfeb2c2120c5ca92ba4ff4b388acfd01cdc14d08
click @ https://files.pythonhosted.org/packages/58/50/6c0d534c5f134586a8e1ba4e330569e32f057e33372ae556463212fb4cd3/click-8.5.0-py3-none-any.whl --hash=sha256:255bc9599cf7748b4b1a446ccc735421bd08a2ae529a8b88597d3de5664ee360
idna @ https://files.pythonhosted.org/packages/58/a2/bb081bab032533a855d44de1d56f8e8426114ff1ba5d1f07a438a0a654f8/idna-3.20-py3-none-any.whl --hash=sha256:ab7ae7122974553370f0bdb919e1a960b2cd1bc1ef0276416d896db81c14582c
iniconfig @ https://files.pythonhosted.org/packages/cb/b1/3846dd7f199d53cb17f49cba7e651e9ce294d8497c8c150530ed11865bb8/iniconfig-2.3.0-py3-none-any.whl --hash=sha256:f631c04d2c48c52b84d0d0549c99ff3859c98df65b3101406327ecc7d53fbf12
jsonschema @ https://files.pythonhosted.org/packages/69/90/f63fb5873511e014207a475e2bb4e8b2e570d655b00ac19a9a0ca0a385ee/jsonschema-4.26.0-py3-none-any.whl --hash=sha256:d489f15263b8d200f8387e64b4c3a75f06629559fb73deb8fdfb525f2dab50ce
jsonschema-specifications @ https://files.pythonhosted.org/packages/41/45/1a4ed80516f02155c51f51e8cedb3c1902296743db0bbc66608a0db2814f/jsonschema_specifications-2025.9.1-py3-none-any.whl --hash=sha256:98802fee3a11ee76ecaca44429fda8a41bff98b00a0f2838151b113f210cc6fe
numpy @ https://files.pythonhosted.org/packages/65/af/aa78d1a88805456e212b65461354cd943197fb9acecc4c90fd12295123a3/numpy-2.5.3-cp312-cp312-manylinux_2_27_x86_64.manylinux_2_28_x86_64.whl --hash=sha256:b7e18c623bb5c95acb3b3328861272816ba199fb531921c5d6d0b675f1fde9e3
packaging @ https://files.pythonhosted.org/packages/63/34/ba1c580383c9eada3711951fef0795c80b829a078d72188184bcab9dd527/packaging-26.3-py3-none-any.whl --hash=sha256:d7193f7c8e4e93f444fde0262bf90af30e16fa0ad0ad44cb553c87339b23cd1c
pluggy @ https://files.pythonhosted.org/packages/54/20/4d324d65cc6d9205fabedc306948156824eb9f0ee1633355a8f7ec5c66bf/pluggy-1.6.0-py3-none-any.whl --hash=sha256:e920276dd6813095e9377c0bc5566d94c932c33b27a3e3945d8389c374dd4746
polars @ https://files.pythonhosted.org/packages/51/6d/3014112c7f717d1253223faa13b6db3ac3a64ed00ab2a3bc1b942bc9cdd4/polars-1.44.2-py3-none-any.whl --hash=sha256:1bb331f17a40d9d931101533dcd33637b66edc61eb377b07020dac16a0f0377b
polars-runtime-32 @ https://files.pythonhosted.org/packages/e9/24/ed9982657c446dd5491b089370eea196725673570cfc61f7225a9fdd7ef0/polars_runtime_32-1.44.2-cp310-abi3-manylinux_2_17_x86_64.manylinux2014_x86_64.whl --hash=sha256:a1bafb441e99199a62c63bf1bbdc0ea09ee9776dbac2bf31452b5000fb1df2f7
pyarrow @ https://files.pythonhosted.org/packages/60/c9/711ca85d79f1ec98f29a5eae2b051e25b4ecec5de3e3c0e2d5c5dcb15664/pyarrow-25.0.1-cp312-cp312-manylinux_2_28_x86_64.whl --hash=sha256:5389cdf79447ed1515c9e31620e6e1e2302249564d603f2ad727d4f6d313e4c3
Pygments @ https://files.pythonhosted.org/packages/71/46/17f022dd3e953bf20a04a028a21ec746d942f8d2af30fa0f124fa0e6a684/pygments-2.21.0-py3-none-any.whl --hash=sha256:2363c69b61c4a97c838da3b130dcd6468f4848992b21a82f2a63ec34377137d9
pyparsing @ https://files.pythonhosted.org/packages/38/bb/d215ee7c73b61497b28a5503f9f53523f294fcc936762b7caf90e0c1c2b5/pyparsing-3.3.3-py3-none-any.whl --hash=sha256:ece8c00a69cf01b45d0b1dedabb469c90d8caf996d4fda40f147627a122849a4
pystac @ https://files.pythonhosted.org/packages/34/54/81ca429d8ee0fa1ff78ad3102a612cfb8224aae4ba42ac625c726b13f81c/pystac-1.15.2-py3-none-any.whl --hash=sha256:b006833253d7e5acd04d877bb7504e14aa1dc98dd0f0ab12f893595030dda2b3
pystac-client @ https://files.pythonhosted.org/packages/5d/d2/5f6367b14c9f250d1a6725d18bd1e9584f5ab1587e292f3a847e59189598/pystac_client-0.9.0-py3-none-any.whl --hash=sha256:eed146b5980f93646aaa3a59080f11f1dcab6000b0bfbc28b1d0c6fd0a61eda1
pystac-core @ https://files.pythonhosted.org/packages/c0/d6/3c65df53ac66532e4451917ed63dcc7c260db30eed0d5c5f1782fcc4128e/pystac_core-1.15.2-py3-none-any.whl --hash=sha256:96e4acf5eb08ba8be543729b59c3072103bffa7b90283c7497cb25fbff70e6cf
pystac-ext-classification @ https://files.pythonhosted.org/packages/64/6e/a2bc64146ac5afb5a72815288ffb811a4ada5124b49a96fa5bce39dd76aa/pystac_ext_classification-2.0.1-py3-none-any.whl --hash=sha256:966939c42314487d40ba37824eb5c4575cffc841fdda3f8da6f61be1fde39f17
pystac-ext-datacube @ https://files.pythonhosted.org/packages/0e/65/971e8cbe32b3783b7872075822697b6a9899d34963813834e26b41d98fd2/pystac_ext_datacube-2.2.1-py3-none-any.whl --hash=sha256:e88876860aa96b002786139547faa6acc760424f90051141322668c91e78c56d
pystac-ext-eo @ https://files.pythonhosted.org/packages/53/46/2e067dcc7eb4a2ec5ee088e666e9eef8cfeadd3f291b39dfa4ac6fcfd7cc/pystac_ext_eo-1.1.1-py3-none-any.whl --hash=sha256:053e3a5fa7e6bd6cb4e1a97f0aaab944bfff554e2d6264c5f81d9b1593d7582c
pystac-ext-file @ https://files.pythonhosted.org/packages/ea/36/3f36a36874cb080caa1b61b33f7e1e2d423ddef2a26c3238101397e17d21/pystac_ext_file-2.1.1-py3-none-any.whl --hash=sha256:bee49e1768d585050c1fb278c328cd61808d4615cb69d4a24fa75eb387774753
pystac-ext-grid @ https://files.pythonhosted.org/packages/56/db/49eb396e89fbd5cd0f7f05c0c5f5f4219f13d4231d6714af59a907d90738/pystac_ext_grid-1.1.1-py3-none-any.whl --hash=sha256:eaf1bb7439946c2dc82e2b54d75d795e29a4fb10276bc37c973fbd352d9f03ed
pystac-ext-item-assets @ https://files.pythonhosted.org/packages/a8/12/7331f1ba03359b390d7ae5940dd47cab58792d20c734d24daa9b50da199e/pystac_ext_item_assets-1.0.1-py3-none-any.whl --hash=sha256:be8c014edc6eeacd6793880706826bedb38218fda652b019c00ee17c9ea2dfed
pystac-ext-label @ https://files.pythonhosted.org/packages/95/11/9d9b4e9e8429949ea94ecb6f53778f2a26028793a27f6559f29fc0f88704/pystac_ext_label-1.0.2-py3-none-any.whl --hash=sha256:36acaaf1f452693f02dd11602374a87855939bc39e6d979990f33a7f305d05ff
pystac-ext-mgrs @ https://files.pythonhosted.org/packages/7a/dd/af65ac94fb019eff59a3b726506872ef9376246368ef9e036bc4ba4b95f4/pystac_ext_mgrs-1.0.1-py3-none-any.whl --hash=sha256:75ded1355764b26aa1031e812089befba1191906904e05350ae2a578f34485c8
pystac-ext-mlm @ https://files.pythonhosted.org/packages/d6/e6/04827c118441fb9389e7c6652ef81088fc8c755e2a8705a392e21e3f5ffe/pystac_ext_mlm-1.4.1-py3-none-any.whl --hash=sha256:64f74a485ce167093a699e60be1358562817d5c98d55f9e990021a9763600269
pystac-ext-pointcloud @ https://files.pythonhosted.org/packages/82/5f/108711e6892fe353ee82f467702a0e4db4e14f4836590ff5d21b82383654/pystac_ext_pointcloud-1.0.1-py3-none-any.whl --hash=sha256:e32ee5e794b3dccc3ab1f2c3f8e11422da4dce882061123f66e9ddaa6ae6f009
pystac-ext-projection @ https://files.pythonhosted.org/packages/58/ad/a983aae95495fa23cdcbf9735642bd9ab5e6cf37fd41c4c2b2f979287a6e/pystac_ext_projection-2.0.1-py3-none-any.whl --hash=sha256:2c81997ee09a3332fa2b2bf635f2343034d8f87e612d4ecc2bea072aa5733acc
pystac-ext-raster @ https://files.pythonhosted.org/packages/d6/ce/cf54e3448f65c78dfa56ec2f00e9f3d76286a8411d8141a84328bba9fe25/pystac_ext_raster-1.1.1-py3-none-any.whl --hash=sha256:69a634c98df2537a487155348d766de5038f545c560f45752844bd763fec2801
pystac-ext-render @ https://files.pythonhosted.org/packages/6e/63/3162c536d3f3cacf627b7a74915dc90abb10cf3baa5ed9b28b3b92b5914c/pystac_ext_render-2.0.0-py3-none-any.whl --hash=sha256:69c3a8307d9528b8ae5baadde76dae9e546c19c1f4210a57daf235f8e9d9e427
pystac-ext-sar @ https://files.pythonhosted.org/packages/1f/c0/a3a64c3446aa4d41bd551b23127a8dbe45c5abff05b6cdab43edef5c54f8/pystac_ext_sar-1.0.1-py3-none-any.whl --hash=sha256:58bb69f503250e5b3f77a60a0b5947d4d67440c36f25ebb34698698ded4a0e26
pystac-ext-sat @ https://files.pythonhosted.org/packages/87/f9/d643fd0854f79c311becb0d7652e994870b796127d1a5ac651c0adec21ea/pystac_ext_sat-1.0.1-py3-none-any.whl --hash=sha256:6f8e1381289f07d1994a65ae14f728f71ea39273efce063e506705c480f3e775
pystac-ext-scientific @ https://files.pythonhosted.org/packages/66/16/93d1114ce68565432abf66a79197a19e7b91345f1df9debdddebe3ea500c/pystac_ext_scientific-1.0.1-py3-none-any.whl --hash=sha256:26b6c1b626db6218efd14e7e963d9873c48f68085c5f29693f0e5902a849bc90
pystac-ext-storage @ https://files.pythonhosted.org/packages/70/5f/bca2c8feeee8d5eb817dee96e332f3817041444e3bb73f26f9eefbc4e1c3/pystac_ext_storage-2.0.1-py3-none-any.whl --hash=sha256:3341b858e77bd317fde3aa147e974dfa82488a1a4c08e876058f28ec5b57c058
pystac-ext-table @ https://files.pythonhosted.org/packages/8f/a4/56d56a017d8caa0be9b0296adbcd405397ec7f7b511d96a8408aea043f41/pystac_ext_table-1.2.1-py3-none-any.whl --hash=sha256:60dd80deefb0b2f94ec8cf696c9cbfc8b6a530e769d0bbe50a055caa3de07e77
pystac-ext-timestamps @ https://files.pythonhosted.org/packages/2d/d9/bf6107bec935f373ea7b42d04dfcb48905018d8e941c36de83f9e78f83df/pystac_ext_timestamps-1.1.1-py3-none-any.whl --hash=sha256:f68e368edea169dc102241b24784d54600c8e9bc4d3571f6e3288ad29199be67
pystac-ext-version @ https://files.pythonhosted.org/packages/53/a5/f9cb68b2d1f02cf51bf8092e1667e776cb4930407d40a9b635321db6547a/pystac_ext_version-1.2.1-py3-none-any.whl --hash=sha256:895e66f72f31b34e63f1b3d39def05bb7e3be6906cff951d4b4da4c617bfcb41
pystac-ext-view @ https://files.pythonhosted.org/packages/6f/60/ca15164332ddd65c4aba3c856fb0a43da5317e0134815b2d483a4d15ea53/pystac_ext_view-1.0.1-py3-none-any.whl --hash=sha256:7d8dab8f638589c2b17496e17770c98759f8c20e36ebaab931af43cf25b5c504
pystac-ext-xarray-assets @ https://files.pythonhosted.org/packages/ab/a1/4efc99e95c551d63896e667537ee7f1cc0c0583488ac4c6a4ca3c7bd00fe/pystac_ext_xarray_assets-1.0.1-py3-none-any.whl --hash=sha256:114631f3585aa18d73fa9cae8e256d8937d455af4d9fb4e84f5d0981d2ec3bc4
pyte @ https://files.pythonhosted.org/packages/59/d0/bb522283b90853afbf506cd5b71c650cf708829914efd0003d615cf426cd/pyte-0.8.2-py3-none-any.whl --hash=sha256:85db42a35798a5aafa96ac4d8da78b090b2c933248819157fc0e6f78876a0135
pytest @ https://files.pythonhosted.org/packages/24/25/1de2678b631f5a49215c6c96fff41ba892b0a34df68d6d80292b1b48aa7f/pytest-9.1.1-py3-none-any.whl --hash=sha256:37a86b45efb9a47a61a36449063e8e18d0cab3161329fc099eb21783169c4f0c
python-dateutil @ https://files.pythonhosted.org/packages/ec/57/56b9bcc3c9c6a792fcbaf139543cee77261f3651ca9da0c93f5c1221264b/python_dateutil-2.9.0.post0-py2.py3-none-any.whl --hash=sha256:a8b2bc7bffae282281c8140a97d3aa9c14da0b136dfe83f850eea9a5f7470427
rasterio @ https://files.pythonhosted.org/packages/79/6c/badf2c4d54482a1192d0057994eb48a6ff25ba6a84011d8fa2d9c230bf73/rasterio-1.5.1-cp312-cp312-manylinux_2_28_x86_64.whl --hash=sha256:a270366c4f44f7bb4367d7068b6de08c56b2b04049e3dfcd06d451141fee3a7f
referencing @ https://files.pythonhosted.org/packages/2c/58/ca301544e1fa93ed4f80d724bf5b194f6e4b945841c5bfd555878eea9fcb/referencing-0.37.0-py3-none-any.whl --hash=sha256:381329a9f99628c9069361716891d34ad94af76e461dcb0335825aecc7692231
requests @ https://files.pythonhosted.org/packages/a0/f4/c67b0b3f1b9245e8d266f0f112c500d50e5b4e83cb6f3b71b6528104182a/requests-2.34.2-py3-none-any.whl --hash=sha256:2a0d60c172f83ac6ab31e4554906c0f3b3588d37b5cb939b1c061f4907e278e0
rpds-py @ https://files.pythonhosted.org/packages/04/8f/d2f3f532616be4d06c316ef119683e832bd3d41e112bf3a88f4151c95b17/rpds_py-2026.6.3-cp312-cp312-manylinux_2_17_x86_64.manylinux2014_x86_64.whl --hash=sha256:ecabd69db66de867690f9797f2f8fa27ba501bbc24540cbdbdc649cd15888ba6
setuptools @ https://files.pythonhosted.org/packages/95/9c/c510029fc6ef33a6275cd2c5d3cecd6613dfd6aa401d57c54f1c18852ccf/setuptools-84.0.0-py3-none-any.whl --hash=sha256:51a52592b3b99e102b609654876bd65f19f999935166d1352678931132b0c670
six @ https://files.pythonhosted.org/packages/b7/ce/149a00dd41f10bc29e5921b496af8b574d8413afcd5e30dfa0ed46c2cc5e/six-1.17.0-py2.py3-none-any.whl --hash=sha256:4721f391ed90541fddacab5acf947aa0d3dc7d27b2e1e8eda2be8970586c3274
urllib3 @ https://files.pythonhosted.org/packages/92/9d/c4e665119135114480843e7ab388fa94d8480650450e6f8e26b70d323a4c/urllib3-2.8.0-py3-none-any.whl --hash=sha256:0cf3cae568d36aa9576b28dfb35f11328f1cb974ca7647d9475ebb86c75ac6e3
wcwidth @ https://files.pythonhosted.org/packages/e2/a0/834886b30e3b885a5a96e8358f1b3917bc0bac43ae4178d77f0c210d079b/wcwidth-0.9.1-cp310-abi3-manylinux2014_x86_64.manylinux_2_17_x86_64.whl --hash=sha256:747fb724223f417a17541a95a17c1dac3a8ef9a0cf41684950f0eab191a35f65
typing_extensions @ https://files.pythonhosted.org/packages/49/d3/b8441a820a491ddfc024b0b0cf0393375b75ea13866d9c66727e54c2fc80/typing_extensions-4.16.0-py3-none-any.whl --hash=sha256:481caa481374e813c1b176ada14e97f1f67a4539ce9cfeb3f350d78d6370c2e8
